
Microsoft Visual Studio Solution File, Format Version 12.00
# Visual Studio Version 17
VisualStudioVersion = 17.5.33627.172
MinimumVisualStudioVersion = 10.0.40219.1
Project("{FAE04EC0-301F-11D3-BF4B-00C04F79EFBC}") = "WpfApp2", "WpfApp2.csproj", "{AD517998-D27F-4306-8307-D5B4D83A57E8}"
EndProject
Global
	GlobalSection(SolutionConfigurationPlatforms) = preSolution
		Debug|Any CPU = Debug|Any CPU
		Release|Any CPU = Release|Any CPU
	EndGlobalSection
	GlobalSection(ProjectConfigurationPlatforms) = postSolution
		{AD517998-D27F-4306-8307-D5B4D83A57E8}.Debug|Any CPU.ActiveCfg = Debug|Any CPU
		{AD517998-D27F-4306-8307-D5B4D83A57E8}.Debug|Any CPU.Build.0 = Debug|Any CPU
		{AD517998-D27F-4306-8307-D5B4D83A57E8}.Release|Any CPU.ActiveCfg = Release|Any CPU
		{AD517998-D27F-4306-8307-D5B4D83A57E8}.Release|Any CPU.Build.0 = Release|Any CPU
	EndGlobalSection
	GlobalSection(SolutionProperties) = preSolution
		HideSolutionNode = FALSE
	EndGlobalSection
	GlobalSection(ExtensibilityGlobals) = postSolution
		SolutionGuid = {0515ED99-B6C6-4771-A4C5-8A1814401133}
	EndGlobalSection
EndGlobal
